
Microsoft Visual Studio Solution File, Format Version 12.00
# Visual Studio Version 17
VisualStudioVersion = 17.5.33530.505
MinimumVisualStudioVersion = 10.0.40219.1
Project("{FAE04EC0-301F-11D3-BF4B-00C04F79EFBC}") = "App2", "App2\App2.csproj", "{DC33562F-094B-48F2-9F91-3DC2D2DE757A}"
EndProject
Global
	GlobalSection(SolutionConfigurationPlatforms) = preSolution
		Debug|Any CPU = Debug|Any CPU
		Release|Any CPU = Release|Any CPU
	EndGlobalSection
	GlobalSection(ProjectConfigurationPlatforms) = postSolution
		{DC33562F-094B-48F2-9F91-3DC2D2DE757A}.Debug|Any CPU.ActiveCfg = Debug|Any CPU
		{DC33562F-094B-48F2-9F91-3DC2D2DE757A}.Debug|Any CPU.Build.0 = Debug|Any CPU
		{DC33562F-094B-48F2-9F91-3DC2D2DE757A}.Debug|Any CPU.Deploy.0 = Debug|Any CPU
		{DC33562F-094B-48F2-9F91-3DC2D2DE757A}.Release|Any CPU.ActiveCfg = Release|Any CPU
		{DC33562F-094B-48F2-9F91-3DC2D2DE757A}.Release|Any CPU.Build.0 = Release|Any CPU
		{DC33562F-094B-48F2-9F91-3DC2D2DE757A}.Release|Any CPU.Deploy.0 = Release|Any CPU
	EndGlobalSection
	GlobalSection(SolutionProperties) = preSolution
		HideSolutionNode = FALSE
	EndGlobalSection
	GlobalSection(ExtensibilityGlobals) = postSolution
		SolutionGuid = {C073D1D3-BB79-4672-BDAC-A38E520B5C7D}
	EndGlobalSection
EndGlobal
