
Microsoft Visual Studio Solution File, Format Version 12.00
# Visual Studio Version 17
VisualStudioVersion = 17.5.33530.505
MinimumVisualStudioVersion = 10.0.40219.1
Project("{FAE04EC0-301F-11D3-BF4B-00C04F79EFBC}") = "INTERFacre", "INTERFacre\INTERFacre.csproj", "{532C42FA-9BD5-4582-A6BC-A75CF93EE09D}"
EndProject
Global
	GlobalSection(SolutionConfigurationPlatforms) = preSolution
		Debug|Any CPU = Debug|Any CPU
		Release|Any CPU = Release|Any CPU
	EndGlobalSection
	GlobalSection(ProjectConfigurationPlatforms) = postSolution
		{532C42FA-9BD5-4582-A6BC-A75CF93EE09D}.Debug|Any CPU.ActiveCfg = Debug|Any CPU
		{532C42FA-9BD5-4582-A6BC-A75CF93EE09D}.Debug|Any CPU.Build.0 = Debug|Any CPU
		{532C42FA-9BD5-4582-A6BC-A75CF93EE09D}.Release|Any CPU.ActiveCfg = Release|Any CPU
		{532C42FA-9BD5-4582-A6BC-A75CF93EE09D}.Release|Any CPU.Build.0 = Release|Any CPU
	EndGlobalSection
	GlobalSection(SolutionProperties) = preSolution
		HideSolutionNode = FALSE
	EndGlobalSection
	GlobalSection(ExtensibilityGlobals) = postSolution
		SolutionGuid = {BEDF0673-7A74-4173-AD88-A4EB90505E48}
	EndGlobalSection
EndGlobal
