
Microsoft Visual Studio Solution File, Format Version 12.00
# Visual Studio Version 17
VisualStudioVersion = 17.5.33530.505
MinimumVisualStudioVersion = 10.0.40219.1
Project("{FAE04EC0-301F-11D3-BF4B-00C04F79EFBC}") = "mvideo", "mvideo\mvideo.csproj", "{6E01A139-F536-4E03-950D-5EEBA589D55B}"
EndProject
Global
	GlobalSection(SolutionConfigurationPlatforms) = preSolution
		Debug|Any CPU = Debug|Any CPU
		Release|Any CPU = Release|Any CPU
	EndGlobalSection
	GlobalSection(ProjectConfigurationPlatforms) = postSolution
		{6E01A139-F536-4E03-950D-5EEBA589D55B}.Debug|Any CPU.ActiveCfg = Debug|Any CPU
		{6E01A139-F536-4E03-950D-5EEBA589D55B}.Debug|Any CPU.Build.0 = Debug|Any CPU
		{6E01A139-F536-4E03-950D-5EEBA589D55B}.Release|Any CPU.ActiveCfg = Release|Any CPU
		{6E01A139-F536-4E03-950D-5EEBA589D55B}.Release|Any CPU.Build.0 = Release|Any CPU
	EndGlobalSection
	GlobalSection(SolutionProperties) = preSolution
		HideSolutionNode = FALSE
	EndGlobalSection
	GlobalSection(ExtensibilityGlobals) = postSolution
		SolutionGuid = {58906774-DC51-4986-9D26-CF490E6969D1}
	EndGlobalSection
EndGlobal
